
Microsoft Visual Studio Solution File, Format Version 12.00
Project("{2150E333-8FDC-42A3-9474-1A3956D46DE8}") = "Core", "Core", "{67CC4B6F-CA92-409B-A1AF-9501B34435E5}"
EndProject
Project("{2150E333-8FDC-42A3-9474-1A3956D46DE8}") = "Tool", "Tool", "{804F8B79-D68C-4673-A903-78923F42E3AD}"
EndProject
Project("{FAE04EC0-301F-11D3-BF4B-00C04F79EFBC}") = "Manager.Tool", "Tool\Manager.Tool\Manager.Tool.csproj", "{3DC6C3D2-5AE4-4401-B403-AE1C7658E8D5}"
EndProject
Project("{FAE04EC0-301F-11D3-BF4B-00C04F79EFBC}") = "Manager.Core", "Core\Manager.Core\Manager.Core.csproj", "{A99F1569-C984-4839-899B-61F5C723E5F3}"
EndProject
Project("{2150E333-8FDC-42A3-9474-1A3956D46DE8}") = "TimerService", "TimerService", "{78110398-B45D-45EF-BCA8-EF879BA6AC4F}"
EndProject
Project("{FAE04EC0-301F-11D3-BF4B-00C04F79EFBC}") = "Manager.Tool.UnitTests", "Tool\Manager.Tool.UnitTests\Manager.Tool.UnitTests.csproj", "{516FF58D-7A4E-4817-A2D0-B9517394CE7C}"
EndProject
Project("{2150E333-8FDC-42A3-9474-1A3956D46DE8}") = "AuthenticationService", "AuthenticationService", "{160DC284-3E0C-4170-8FBA-5B35ADB6AE7D}"
EndProject
Project("{FAE04EC0-301F-11D3-BF4B-00C04F79EFBC}") = "AuthenticationService.Client", "AuthenticationService\AuthenticationService.Client\AuthenticationService.Client.csproj", "{A090EE72-3FC2-4A2C-9BD3-E4CC885B9408}"
EndProject
Project("{FAE04EC0-301F-11D3-BF4B-00C04F79EFBC}") = "TimerService.Client", "TimerService\TimerService.Client\TimerService.Client.csproj", "{156463A4-A4A1-4D14-A6A6-E1ABEEBA1DB1}"
EndProject
Project("{FAE04EC0-301F-11D3-BF4B-00C04F79EFBC}") = "TimerService.Server", "TimerService\TimerService.Server\TimerService.Server.csproj", "{241C905C-B5F4-4F52-96E2-57004D5F3EA6}"
EndProject
Project("{FAE04EC0-301F-11D3-BF4B-00C04F79EFBC}") = "TimerService.UnitTest", "TimerService\TimerService.UnitTest\TimerService.UnitTest.csproj", "{017100F8-C862-4D92-A9C8-4B2EA9E02976}"
EndProject
Project("{2150E333-8FDC-42A3-9474-1A3956D46DE8}") = "WorkService", "WorkService", "{E203E533-4855-4C6A-8AEE-22B7F83DFE4B}"
EndProject
Project("{FAE04EC0-301F-11D3-BF4B-00C04F79EFBC}") = "WorkService.Server", "WorkService\WorkService.Server\WorkService.Server.csproj", "{AB80C4FA-900C-44F0-B3EE-546A46663CC3}"
EndProject
Project("{FAE04EC0-301F-11D3-BF4B-00C04F79EFBC}") = "Manager.Core.Common", "Core\Manager.Core.Common\Manager.Core.Common.csproj", "{833746FA-0634-451E-944F-8923BFF74C5A}"
EndProject
Project("{FAE04EC0-301F-11D3-BF4B-00C04F79EFBC}") = "Manager.Core.Logging", "Core\Manager.Core.Logging\Manager.Core.Logging.csproj", "{EAFEF05B-EAA9-4CEA-86D2-CF1CCB3B644D}"
EndProject
Project("{FAE04EC0-301F-11D3-BF4B-00C04F79EFBC}") = "AuthenticationService.Server", "AuthenticationService\AuthenticationService.Server\AuthenticationService.Server.csproj", "{6E783488-F6A9-4BD7-9F4E-8B9CED6B31C5}"
EndProject
Project("{FAE04EC0-301F-11D3-BF4B-00C04F79EFBC}") = "ManagerTgClient.Bot", "ManagerTgBot\ManagerTgClient.Bot\ManagerTgClient.Bot.csproj", "{7A35D426-2200-4684-BAB6-511AFA54B442}"
EndProject
Project("{2150E333-8FDC-42A3-9474-1A3956D46DE8}") = "ManagerTgBot", "ManagerTgBot", "{2AC9025F-D89B-420C-BDBF-DBE2DF64FCC8}"
EndProject
Project("{FAE04EC0-301F-11D3-BF4B-00C04F79EFBC}") = "AuthenticationService.IntegrationTests", "AuthenticationService\AuthenticationService.IntegrationTests\AuthenticationService.IntegrationTests.csproj", "{D03D77A9-1242-4DE7-8421-612CFA90A407}"
EndProject
Project("{FAE04EC0-301F-11D3-BF4B-00C04F79EFBC}") = "Manager.Core.IntegrationTestsCore", "Core\Manager.Core.IntegrationTestsCore\Manager.Core.IntegrationTestsCore.csproj", "{D982C253-4785-4B54-B911-8FB19D51E328}"
EndProject
Project("{FAE04EC0-301F-11D3-BF4B-00C04F79EFBC}") = "Manager.Core.EFCore", "Core\Manager.Core.EFCore\Manager.Core.EFCore.csproj", "{9EBB6638-C1BD-414C-AB4B-047CA8EE29BA}"
EndProject
Project("{2150E333-8FDC-42A3-9474-1A3956D46DE8}") = "RecipientService", "RecipientService", "{7FF8C3D1-206E-4C4B-A97D-AEFD0FC8310B}"
EndProject
Project("{FAE04EC0-301F-11D3-BF4B-00C04F79EFBC}") = "RecipientService.Server", "RecipientService\RecipientService.Server\RecipientService.Server.csproj", "{FB54B98B-97DE-4653-A103-42AFDA60A70A}"
EndProject
Project("{FAE04EC0-301F-11D3-BF4B-00C04F79EFBC}") = "RecipientService.Client", "RecipientService\RecipientService.Client\RecipientService.Client.csproj", "{1CC23390-DFAD-4899-9BB9-E0236C5A4625}"
EndProject
Project("{FAE04EC0-301F-11D3-BF4B-00C04F79EFBC}") = "RecipientService.UnitTests", "RecipientService\RecipientService.UnitTests\RecipientService.UnitTests.csproj", "{938615C3-62F1-443E-9193-A57571C9CCE0}"
EndProject
Project("{FAE04EC0-301F-11D3-BF4B-00C04F79EFBC}") = "RecipientService.IntegrationTests", "RecipientService\RecipientService.IntegrationTests\RecipientService.IntegrationTests.csproj", "{F6B34078-90DE-4F63-AC16-B84EEB4E8D70}"
EndProject
Project("{FAE04EC0-301F-11D3-BF4B-00C04F79EFBC}") = "AuthenticationService.UnitTests", "AuthenticationService\AuthenticationService.UnitTests\AuthenticationService.UnitTests.csproj", "{78C3DC03-159A-49C2-BB63-21479A41C317}"
EndProject
Project("{FAE04EC0-301F-11D3-BF4B-00C04F79EFBC}") = "Manager.Core.UnitTestsCore", "Core\Manager.Core.UnitTestsCore\Manager.Core.UnitTestsCore.csproj", "{C46BF2B3-3404-443B-B9C4-1FD0F0AB3457}"
EndProject
Project("{FAE04EC0-301F-11D3-BF4B-00C04F79EFBC}") = "ManagerTgClient.UnitTests", "ManagerTgBot\ManagerTgClient.UnitTests\ManagerTgClient.UnitTests.csproj", "{6003AA2B-78DE-43AD-B2F4-5F819C0113CE}"
EndProject
Project("{FAE04EC0-301F-11D3-BF4B-00C04F79EFBC}") = "ManagerTgClient.IntegrationTests", "ManagerTgBot\ManagerTgClient.IntegrationTests\ManagerTgClient.IntegrationTests.csproj", "{BDC13ACA-ECE7-4B50-9D29-D54731270BDF}"
EndProject
Project("{FAE04EC0-301F-11D3-BF4B-00C04F79EFBC}") = "WorkService.UnitTests", "WorkService\WorkService.UnitTests\WorkService.UnitTests.csproj", "{182DADD7-FC23-4AC3-ADEC-CCAF882B6EB6}"
EndProject
Project("{FAE04EC0-301F-11D3-BF4B-00C04F79EFBC}") = "WorkService.IntegrationTests", "WorkService\WorkService.IntegrationTests\WorkService.IntegrationTests.csproj", "{63273779-A0DF-47EA-A1CA-70E7D496A7A1}"
EndProject
Project("{FAE04EC0-301F-11D3-BF4B-00C04F79EFBC}") = "WorkService.Client", "WorkService\WorkService.Client\WorkService.Client.csproj", "{4F312D1F-041B-49B8-8ADB-F1D2F10F90CC}"
EndProject
Project("{FAE04EC0-301F-11D3-BF4B-00C04F79EFBC}") = "Manager.Core.Networking", "Core\Manager.Core.Networking\Manager.Core.Networking.csproj", "{6831B027-D664-40E3-B666-EEB5841B911E}"
EndProject
Project("{FAE04EC0-301F-11D3-BF4B-00C04F79EFBC}") = "Manager.Core.CommonTestsCore", "Core\Manager.Core.CommonTestsCore\Manager.Core.CommonTestsCore.csproj", "{9E22CF58-2958-4DF7-8BF6-24DBC60BF845}"
EndProject
Project("{FAE04EC0-301F-11D3-BF4B-00C04F79EFBC}") = "TimerService.IntegrationTests", "TimerService\TimerService.IntegrationTests\TimerService.IntegrationTests.csproj", "{1707BC38-BC17-42B3-91AD-776E81D01545}"
EndProject
Project("{2150E333-8FDC-42A3-9474-1A3956D46DE8}") = "ApiGateway", "ApiGateway", "{BBDB441E-5C9A-421F-88CD-0566D6320773}"
EndProject
Project("{FAE04EC0-301F-11D3-BF4B-00C04F79EFBC}") = "Manager.ApiGateway", "Manager.ApiGateway\Manager.ApiGateway.csproj", "{1818A366-B327-4D20-8F0D-09A487A10C7F}"
EndProject
Global
	GlobalSection(SolutionConfigurationPlatforms) = preSolution
		Debug|Any CPU = Debug|Any CPU
		Release|Any CPU = Release|Any CPU
	EndGlobalSection
	GlobalSection(ProjectConfigurationPlatforms) = postSolution
		{3DC6C3D2-5AE4-4401-B403-AE1C7658E8D5}.Debug|Any CPU.ActiveCfg = Debug|Any CPU
		{3DC6C3D2-5AE4-4401-B403-AE1C7658E8D5}.Debug|Any CPU.Build.0 = Debug|Any CPU
		{3DC6C3D2-5AE4-4401-B403-AE1C7658E8D5}.Release|Any CPU.ActiveCfg = Release|Any CPU
		{3DC6C3D2-5AE4-4401-B403-AE1C7658E8D5}.Release|Any CPU.Build.0 = Release|Any CPU
		{A99F1569-C984-4839-899B-61F5C723E5F3}.Debug|Any CPU.ActiveCfg = Debug|Any CPU
		{A99F1569-C984-4839-899B-61F5C723E5F3}.Debug|Any CPU.Build.0 = Debug|Any CPU
		{A99F1569-C984-4839-899B-61F5C723E5F3}.Release|Any CPU.ActiveCfg = Release|Any CPU
		{A99F1569-C984-4839-899B-61F5C723E5F3}.Release|Any CPU.Build.0 = Release|Any CPU
		{516FF58D-7A4E-4817-A2D0-B9517394CE7C}.Debug|Any CPU.ActiveCfg = Debug|Any CPU
		{516FF58D-7A4E-4817-A2D0-B9517394CE7C}.Debug|Any CPU.Build.0 = Debug|Any CPU
		{516FF58D-7A4E-4817-A2D0-B9517394CE7C}.Release|Any CPU.ActiveCfg = Release|Any CPU
		{516FF58D-7A4E-4817-A2D0-B9517394CE7C}.Release|Any CPU.Build.0 = Release|Any CPU
		{A090EE72-3FC2-4A2C-9BD3-E4CC885B9408}.Debug|Any CPU.ActiveCfg = Debug|Any CPU
		{A090EE72-3FC2-4A2C-9BD3-E4CC885B9408}.Debug|Any CPU.Build.0 = Debug|Any CPU
		{A090EE72-3FC2-4A2C-9BD3-E4CC885B9408}.Release|Any CPU.ActiveCfg = Release|Any CPU
		{A090EE72-3FC2-4A2C-9BD3-E4CC885B9408}.Release|Any CPU.Build.0 = Release|Any CPU
		{156463A4-A4A1-4D14-A6A6-E1ABEEBA1DB1}.Debug|Any CPU.ActiveCfg = Debug|Any CPU
		{156463A4-A4A1-4D14-A6A6-E1ABEEBA1DB1}.Debug|Any CPU.Build.0 = Debug|Any CPU
		{156463A4-A4A1-4D14-A6A6-E1ABEEBA1DB1}.Release|Any CPU.ActiveCfg = Release|Any CPU
		{156463A4-A4A1-4D14-A6A6-E1ABEEBA1DB1}.Release|Any CPU.Build.0 = Release|Any CPU
		{241C905C-B5F4-4F52-96E2-57004D5F3EA6}.Debug|Any CPU.ActiveCfg = Debug|Any CPU
		{241C905C-B5F4-4F52-96E2-57004D5F3EA6}.Debug|Any CPU.Build.0 = Debug|Any CPU
		{241C905C-B5F4-4F52-96E2-57004D5F3EA6}.Release|Any CPU.ActiveCfg = Release|Any CPU
		{241C905C-B5F4-4F52-96E2-57004D5F3EA6}.Release|Any CPU.Build.0 = Release|Any CPU
		{017100F8-C862-4D92-A9C8-4B2EA9E02976}.Debug|Any CPU.ActiveCfg = Debug|Any CPU
		{017100F8-C862-4D92-A9C8-4B2EA9E02976}.Debug|Any CPU.Build.0 = Debug|Any CPU
		{017100F8-C862-4D92-A9C8-4B2EA9E02976}.Release|Any CPU.ActiveCfg = Release|Any CPU
		{017100F8-C862-4D92-A9C8-4B2EA9E02976}.Release|Any CPU.Build.0 = Release|Any CPU
		{AB80C4FA-900C-44F0-B3EE-546A46663CC3}.Debug|Any CPU.ActiveCfg = Debug|Any CPU
		{AB80C4FA-900C-44F0-B3EE-546A46663CC3}.Debug|Any CPU.Build.0 = Debug|Any CPU
		{AB80C4FA-900C-44F0-B3EE-546A46663CC3}.Release|Any CPU.ActiveCfg = Release|Any CPU
		{AB80C4FA-900C-44F0-B3EE-546A46663CC3}.Release|Any CPU.Build.0 = Release|Any CPU
		{833746FA-0634-451E-944F-8923BFF74C5A}.Debug|Any CPU.ActiveCfg = Debug|Any CPU
		{833746FA-0634-451E-944F-8923BFF74C5A}.Debug|Any CPU.Build.0 = Debug|Any CPU
		{833746FA-0634-451E-944F-8923BFF74C5A}.Release|Any CPU.ActiveCfg = Release|Any CPU
		{833746FA-0634-451E-944F-8923BFF74C5A}.Release|Any CPU.Build.0 = Release|Any CPU
		{EAFEF05B-EAA9-4CEA-86D2-CF1CCB3B644D}.Debug|Any CPU.ActiveCfg = Debug|Any CPU
		{EAFEF05B-EAA9-4CEA-86D2-CF1CCB3B644D}.Debug|Any CPU.Build.0 = Debug|Any CPU
		{EAFEF05B-EAA9-4CEA-86D2-CF1CCB3B644D}.Release|Any CPU.ActiveCfg = Release|Any CPU
		{EAFEF05B-EAA9-4CEA-86D2-CF1CCB3B644D}.Release|Any CPU.Build.0 = Release|Any CPU
		{6E783488-F6A9-4BD7-9F4E-8B9CED6B31C5}.Debug|Any CPU.ActiveCfg = Debug|Any CPU
		{6E783488-F6A9-4BD7-9F4E-8B9CED6B31C5}.Debug|Any CPU.Build.0 = Debug|Any CPU
		{6E783488-F6A9-4BD7-9F4E-8B9CED6B31C5}.Release|Any CPU.ActiveCfg = Release|Any CPU
		{6E783488-F6A9-4BD7-9F4E-8B9CED6B31C5}.Release|Any CPU.Build.0 = Release|Any CPU
		{7A35D426-2200-4684-BAB6-511AFA54B442}.Debug|Any CPU.ActiveCfg = Debug|Any CPU
		{7A35D426-2200-4684-BAB6-511AFA54B442}.Debug|Any CPU.Build.0 = Debug|Any CPU
		{7A35D426-2200-4684-BAB6-511AFA54B442}.Release|Any CPU.ActiveCfg = Release|Any CPU
		{7A35D426-2200-4684-BAB6-511AFA54B442}.Release|Any CPU.Build.0 = Release|Any CPU
		{D03D77A9-1242-4DE7-8421-612CFA90A407}.Debug|Any CPU.ActiveCfg = Debug|Any CPU
		{D03D77A9-1242-4DE7-8421-612CFA90A407}.Debug|Any CPU.Build.0 = Debug|Any CPU
		{D03D77A9-1242-4DE7-8421-612CFA90A407}.Release|Any CPU.ActiveCfg = Release|Any CPU
		{D03D77A9-1242-4DE7-8421-612CFA90A407}.Release|Any CPU.Build.0 = Release|Any CPU
		{D982C253-4785-4B54-B911-8FB19D51E328}.Debug|Any CPU.ActiveCfg = Debug|Any CPU
		{D982C253-4785-4B54-B911-8FB19D51E328}.Debug|Any CPU.Build.0 = Debug|Any CPU
		{D982C253-4785-4B54-B911-8FB19D51E328}.Release|Any CPU.ActiveCfg = Release|Any CPU
		{D982C253-4785-4B54-B911-8FB19D51E328}.Release|Any CPU.Build.0 = Release|Any CPU
		{9EBB6638-C1BD-414C-AB4B-047CA8EE29BA}.Debug|Any CPU.ActiveCfg = Debug|Any CPU
		{9EBB6638-C1BD-414C-AB4B-047CA8EE29BA}.Debug|Any CPU.Build.0 = Debug|Any CPU
		{9EBB6638-C1BD-414C-AB4B-047CA8EE29BA}.Release|Any CPU.ActiveCfg = Release|Any CPU
		{9EBB6638-C1BD-414C-AB4B-047CA8EE29BA}.Release|Any CPU.Build.0 = Release|Any CPU
		{FB54B98B-97DE-4653-A103-42AFDA60A70A}.Debug|Any CPU.ActiveCfg = Debug|Any CPU
		{FB54B98B-97DE-4653-A103-42AFDA60A70A}.Debug|Any CPU.Build.0 = Debug|Any CPU
		{FB54B98B-97DE-4653-A103-42AFDA60A70A}.Release|Any CPU.ActiveCfg = Release|Any CPU
		{FB54B98B-97DE-4653-A103-42AFDA60A70A}.Release|Any CPU.Build.0 = Release|Any CPU
		{1CC23390-DFAD-4899-9BB9-E0236C5A4625}.Debug|Any CPU.ActiveCfg = Debug|Any CPU
		{1CC23390-DFAD-4899-9BB9-E0236C5A4625}.Debug|Any CPU.Build.0 = Debug|Any CPU
		{1CC23390-DFAD-4899-9BB9-E0236C5A4625}.Release|Any CPU.ActiveCfg = Release|Any CPU
		{1CC23390-DFAD-4899-9BB9-E0236C5A4625}.Release|Any CPU.Build.0 = Release|Any CPU
		{938615C3-62F1-443E-9193-A57571C9CCE0}.Debug|Any CPU.ActiveCfg = Debug|Any CPU
		{938615C3-62F1-443E-9193-A57571C9CCE0}.Debug|Any CPU.Build.0 = Debug|Any CPU
		{938615C3-62F1-443E-9193-A57571C9CCE0}.Release|Any CPU.ActiveCfg = Release|Any CPU
		{938615C3-62F1-443E-9193-A57571C9CCE0}.Release|Any CPU.Build.0 = Release|Any CPU
		{F6B34078-90DE-4F63-AC16-B84EEB4E8D70}.Debug|Any CPU.ActiveCfg = Debug|Any CPU
		{F6B34078-90DE-4F63-AC16-B84EEB4E8D70}.Debug|Any CPU.Build.0 = Debug|Any CPU
		{F6B34078-90DE-4F63-AC16-B84EEB4E8D70}.Release|Any CPU.ActiveCfg = Release|Any CPU
		{F6B34078-90DE-4F63-AC16-B84EEB4E8D70}.Release|Any CPU.Build.0 = Release|Any CPU
		{78C3DC03-159A-49C2-BB63-21479A41C317}.Debug|Any CPU.ActiveCfg = Debug|Any CPU
		{78C3DC03-159A-49C2-BB63-21479A41C317}.Debug|Any CPU.Build.0 = Debug|Any CPU
		{78C3DC03-159A-49C2-BB63-21479A41C317}.Release|Any CPU.ActiveCfg = Release|Any CPU
		{78C3DC03-159A-49C2-BB63-21479A41C317}.Release|Any CPU.Build.0 = Release|Any CPU
		{C46BF2B3-3404-443B-B9C4-1FD0F0AB3457}.Debug|Any CPU.ActiveCfg = Debug|Any CPU
		{C46BF2B3-3404-443B-B9C4-1FD0F0AB3457}.Debug|Any CPU.Build.0 = Debug|Any CPU
		{C46BF2B3-3404-443B-B9C4-1FD0F0AB3457}.Release|Any CPU.ActiveCfg = Release|Any CPU
		{C46BF2B3-3404-443B-B9C4-1FD0F0AB3457}.Release|Any CPU.Build.0 = Release|Any CPU
		{6003AA2B-78DE-43AD-B2F4-5F819C0113CE}.Debug|Any CPU.ActiveCfg = Debug|Any CPU
		{6003AA2B-78DE-43AD-B2F4-5F819C0113CE}.Debug|Any CPU.Build.0 = Debug|Any CPU
		{6003AA2B-78DE-43AD-B2F4-5F819C0113CE}.Release|Any CPU.ActiveCfg = Release|Any CPU
		{6003AA2B-78DE-43AD-B2F4-5F819C0113CE}.Release|Any CPU.Build.0 = Release|Any CPU
		{BDC13ACA-ECE7-4B50-9D29-D54731270BDF}.Debug|Any CPU.ActiveCfg = Debug|Any CPU
		{BDC13ACA-ECE7-4B50-9D29-D54731270BDF}.Debug|Any CPU.Build.0 = Debug|Any CPU
		{BDC13ACA-ECE7-4B50-9D29-D54731270BDF}.Release|Any CPU.ActiveCfg = Release|Any CPU
		{BDC13ACA-ECE7-4B50-9D29-D54731270BDF}.Release|Any CPU.Build.0 = Release|Any CPU
		{182DADD7-FC23-4AC3-ADEC-CCAF882B6EB6}.Debug|Any CPU.ActiveCfg = Debug|Any CPU
		{182DADD7-FC23-4AC3-ADEC-CCAF882B6EB6}.Debug|Any CPU.Build.0 = Debug|Any CPU
		{182DADD7-FC23-4AC3-ADEC-CCAF882B6EB6}.Release|Any CPU.ActiveCfg = Release|Any CPU
		{182DADD7-FC23-4AC3-ADEC-CCAF882B6EB6}.Release|Any CPU.Build.0 = Release|Any CPU
		{63273779-A0DF-47EA-A1CA-70E7D496A7A1}.Debug|Any CPU.ActiveCfg = Debug|Any CPU
		{63273779-A0DF-47EA-A1CA-70E7D496A7A1}.Debug|Any CPU.Build.0 = Debug|Any CPU
		{63273779-A0DF-47EA-A1CA-70E7D496A7A1}.Release|Any CPU.ActiveCfg = Release|Any CPU
		{63273779-A0DF-47EA-A1CA-70E7D496A7A1}.Release|Any CPU.Build.0 = Release|Any CPU
		{4F312D1F-041B-49B8-8ADB-F1D2F10F90CC}.Debug|Any CPU.ActiveCfg = Debug|Any CPU
		{4F312D1F-041B-49B8-8ADB-F1D2F10F90CC}.Debug|Any CPU.Build.0 = Debug|Any CPU
		{4F312D1F-041B-49B8-8ADB-F1D2F10F90CC}.Release|Any CPU.ActiveCfg = Release|Any CPU
		{4F312D1F-041B-49B8-8ADB-F1D2F10F90CC}.Release|Any CPU.Build.0 = Release|Any CPU
		{6831B027-D664-40E3-B666-EEB5841B911E}.Debug|Any CPU.ActiveCfg = Debug|Any CPU
		{6831B027-D664-40E3-B666-EEB5841B911E}.Debug|Any CPU.Build.0 = Debug|Any CPU
		{6831B027-D664-40E3-B666-EEB5841B911E}.Release|Any CPU.ActiveCfg = Release|Any CPU
		{6831B027-D664-40E3-B666-EEB5841B911E}.Release|Any CPU.Build.0 = Release|Any CPU
		{9E22CF58-2958-4DF7-8BF6-24DBC60BF845}.Debug|Any CPU.ActiveCfg = Debug|Any CPU
		{9E22CF58-2958-4DF7-8BF6-24DBC60BF845}.Debug|Any CPU.Build.0 = Debug|Any CPU
		{9E22CF58-2958-4DF7-8BF6-24DBC60BF845}.Release|Any CPU.ActiveCfg = Release|Any CPU
		{9E22CF58-2958-4DF7-8BF6-24DBC60BF845}.Release|Any CPU.Build.0 = Release|Any CPU
		{1707BC38-BC17-42B3-91AD-776E81D01545}.Debug|Any CPU.ActiveCfg = Debug|Any CPU
		{1707BC38-BC17-42B3-91AD-776E81D01545}.Debug|Any CPU.Build.0 = Debug|Any CPU
		{1707BC38-BC17-42B3-91AD-776E81D01545}.Release|Any CPU.ActiveCfg = Release|Any CPU
		{1707BC38-BC17-42B3-91AD-776E81D01545}.Release|Any CPU.Build.0 = Release|Any CPU
		{1818A366-B327-4D20-8F0D-09A487A10C7F}.Debug|Any CPU.ActiveCfg = Debug|Any CPU
		{1818A366-B327-4D20-8F0D-09A487A10C7F}.Debug|Any CPU.Build.0 = Debug|Any CPU
		{1818A366-B327-4D20-8F0D-09A487A10C7F}.Release|Any CPU.ActiveCfg = Release|Any CPU
		{1818A366-B327-4D20-8F0D-09A487A10C7F}.Release|Any CPU.Build.0 = Release|Any CPU
	EndGlobalSection
	GlobalSection(NestedProjects) = preSolution
		{3DC6C3D2-5AE4-4401-B403-AE1C7658E8D5} = {804F8B79-D68C-4673-A903-78923F42E3AD}
		{A99F1569-C984-4839-899B-61F5C723E5F3} = {67CC4B6F-CA92-409B-A1AF-9501B34435E5}
		{516FF58D-7A4E-4817-A2D0-B9517394CE7C} = {804F8B79-D68C-4673-A903-78923F42E3AD}
		{A090EE72-3FC2-4A2C-9BD3-E4CC885B9408} = {160DC284-3E0C-4170-8FBA-5B35ADB6AE7D}
		{156463A4-A4A1-4D14-A6A6-E1ABEEBA1DB1} = {78110398-B45D-45EF-BCA8-EF879BA6AC4F}
		{241C905C-B5F4-4F52-96E2-57004D5F3EA6} = {78110398-B45D-45EF-BCA8-EF879BA6AC4F}
		{017100F8-C862-4D92-A9C8-4B2EA9E02976} = {78110398-B45D-45EF-BCA8-EF879BA6AC4F}
		{AB80C4FA-900C-44F0-B3EE-546A46663CC3} = {E203E533-4855-4C6A-8AEE-22B7F83DFE4B}
		{833746FA-0634-451E-944F-8923BFF74C5A} = {67CC4B6F-CA92-409B-A1AF-9501B34435E5}
		{EAFEF05B-EAA9-4CEA-86D2-CF1CCB3B644D} = {67CC4B6F-CA92-409B-A1AF-9501B34435E5}
		{6E783488-F6A9-4BD7-9F4E-8B9CED6B31C5} = {160DC284-3E0C-4170-8FBA-5B35ADB6AE7D}
		{7A35D426-2200-4684-BAB6-511AFA54B442} = {2AC9025F-D89B-420C-BDBF-DBE2DF64FCC8}
		{D03D77A9-1242-4DE7-8421-612CFA90A407} = {160DC284-3E0C-4170-8FBA-5B35ADB6AE7D}
		{D982C253-4785-4B54-B911-8FB19D51E328} = {67CC4B6F-CA92-409B-A1AF-9501B34435E5}
		{9EBB6638-C1BD-414C-AB4B-047CA8EE29BA} = {67CC4B6F-CA92-409B-A1AF-9501B34435E5}
		{FB54B98B-97DE-4653-A103-42AFDA60A70A} = {7FF8C3D1-206E-4C4B-A97D-AEFD0FC8310B}
		{1CC23390-DFAD-4899-9BB9-E0236C5A4625} = {7FF8C3D1-206E-4C4B-A97D-AEFD0FC8310B}
		{938615C3-62F1-443E-9193-A57571C9CCE0} = {7FF8C3D1-206E-4C4B-A97D-AEFD0FC8310B}
		{F6B34078-90DE-4F63-AC16-B84EEB4E8D70} = {7FF8C3D1-206E-4C4B-A97D-AEFD0FC8310B}
		{78C3DC03-159A-49C2-BB63-21479A41C317} = {160DC284-3E0C-4170-8FBA-5B35ADB6AE7D}
		{C46BF2B3-3404-443B-B9C4-1FD0F0AB3457} = {67CC4B6F-CA92-409B-A1AF-9501B34435E5}
		{6003AA2B-78DE-43AD-B2F4-5F819C0113CE} = {2AC9025F-D89B-420C-BDBF-DBE2DF64FCC8}
		{BDC13ACA-ECE7-4B50-9D29-D54731270BDF} = {2AC9025F-D89B-420C-BDBF-DBE2DF64FCC8}
		{182DADD7-FC23-4AC3-ADEC-CCAF882B6EB6} = {E203E533-4855-4C6A-8AEE-22B7F83DFE4B}
		{63273779-A0DF-47EA-A1CA-70E7D496A7A1} = {E203E533-4855-4C6A-8AEE-22B7F83DFE4B}
		{4F312D1F-041B-49B8-8ADB-F1D2F10F90CC} = {E203E533-4855-4C6A-8AEE-22B7F83DFE4B}
		{6831B027-D664-40E3-B666-EEB5841B911E} = {67CC4B6F-CA92-409B-A1AF-9501B34435E5}
		{9E22CF58-2958-4DF7-8BF6-24DBC60BF845} = {67CC4B6F-CA92-409B-A1AF-9501B34435E5}
		{1707BC38-BC17-42B3-91AD-776E81D01545} = {78110398-B45D-45EF-BCA8-EF879BA6AC4F}
		{1818A366-B327-4D20-8F0D-09A487A10C7F} = {BBDB441E-5C9A-421F-88CD-0566D6320773}
	EndGlobalSection
EndGlobal
